
Microsoft Visual Studio Solution File, Format Version 12.00
# Visual Studio Version 17
VisualStudioVersion = 17.6.33712.159
MinimumVisualStudioVersion = 10.0.40219.1
Project("{9A19103F-16F7-4668-BE54-9A1E7A4F7556}") = "Domain", "Domain\Domain.csproj", "{13D7F6F4-86D6-4C88-BA18-731587385609}"
EndProject
Project("{9A19103F-16F7-4668-BE54-9A1E7A4F7556}") = "Application", "Application\Application.csproj", "{624EB185-F12E-4F3A-A082-E5E68FFCD316}"
EndProject
Project("{9A19103F-16F7-4668-BE54-9A1E7A4F7556}") = "Infrastructure", "Infrastructure\Infrastructure.csproj", "{CD0526F5-FFE9-4759-BE71-5DBBE9DA855E}"
EndProject
Project("{9A19103F-16F7-4668-BE54-9A1E7A4F7556}") = "API", "API\API.csproj", "{D648CDEC-424F-417E-A5AF-2D7C7477A2BD}"
EndProject
Project("{FAE04EC0-301F-11D3-BF4B-00C04F79EFBC}") = "Test", "Test\Test.csproj", "{97CE8042-A81E-4572-B452-C20390CBCD44}"
EndProject
Global
	GlobalSection(SolutionConfigurationPlatforms) = preSolution
		Debug|Any CPU = Debug|Any CPU
		Release|Any CPU = Release|Any CPU
	EndGlobalSection
	GlobalSection(ProjectConfigurationPlatforms) = postSolution
		{13D7F6F4-86D6-4C88-BA18-731587385609}.Debug|Any CPU.ActiveCfg = Debug|Any CPU
		{13D7F6F4-86D6-4C88-BA18-731587385609}.Debug|Any CPU.Build.0 = Debug|Any CPU
		{13D7F6F4-86D6-4C88-BA18-731587385609}.Release|Any CPU.ActiveCfg = Release|Any CPU
		{13D7F6F4-86D6-4C88-BA18-731587385609}.Release|Any CPU.Build.0 = Release|Any CPU
		{624EB185-F12E-4F3A-A082-E5E68FFCD316}.Debug|Any CPU.ActiveCfg = Debug|Any CPU
		{624EB185-F12E-4F3A-A082-E5E68FFCD316}.Debug|Any CPU.Build.0 = Debug|Any CPU
		{624EB185-F12E-4F3A-A082-E5E68FFCD316}.Release|Any CPU.ActiveCfg = Release|Any CPU
		{624EB185-F12E-4F3A-A082-E5E68FFCD316}.Release|Any CPU.Build.0 = Release|Any CPU
		{CD0526F5-FFE9-4759-BE71-5DBBE9DA855E}.Debug|Any CPU.ActiveCfg = Debug|Any CPU
		{CD0526F5-FFE9-4759-BE71-5DBBE9DA855E}.Debug|Any CPU.Build.0 = Debug|Any CPU
		{CD0526F5-FFE9-4759-BE71-5DBBE9DA855E}.Release|Any CPU.ActiveCfg = Release|Any CPU
		{CD0526F5-FFE9-4759-BE71-5DBBE9DA855E}.Release|Any CPU.Build.0 = Release|Any CPU
		{D648CDEC-424F-417E-A5AF-2D7C7477A2BD}.Debug|Any CPU.ActiveCfg = Debug|Any CPU
		{D648CDEC-424F-417E-A5AF-2D7C7477A2BD}.Debug|Any CPU.Build.0 = Debug|Any CPU
		{D648CDEC-424F-417E-A5AF-2D7C7477A2BD}.Release|Any CPU.ActiveCfg = Release|Any CPU
		{D648CDEC-424F-417E-A5AF-2D7C7477A2BD}.Release|Any CPU.Build.0 = Release|Any CPU
		{97CE8042-A81E-4572-B452-C20390CBCD44}.Debug|Any CPU.ActiveCfg = Debug|Any CPU
		{97CE8042-A81E-4572-B452-C20390CBCD44}.Debug|Any CPU.Build.0 = Debug|Any CPU
		{97CE8042-A81E-4572-B452-C20390CBCD44}.Release|Any CPU.ActiveCfg = Release|Any CPU
		{97CE8042-A81E-4572-B452-C20390CBCD44}.Release|Any CPU.Build.0 = Release|Any CPU
	EndGlobalSection
	GlobalSection(SolutionProperties) = preSolution
		HideSolutionNode = FALSE
	EndGlobalSection
	GlobalSection(ExtensibilityGlobals) = postSolution
		SolutionGuid = {0621DEF3-DB04-4707-AC46-0E0C58DA43ED}
	EndGlobalSection
EndGlobal
